# This file is automatically @generated by Poetry 1.8.2 and should not be changed by hand.

[[package]]
name = "amqp"
version = "5.3.1"
description = "Low-level AMQP client for Python (fork of amqplib)."
optional = false
python-versions = ">=3.6"
files = [
    {file = "amqp-5.3.1-py3-none-any.whl", hash = "sha256:43b3319e1b4e7d1251833a93d672b4af1e40f3d632d479b98661a95f117880a2"},
    {file = "amqp-5.3.1.tar.gz", hash = "sha256:cddc00c725449522023bad949f70fff7b48f0b1ade74d170a6f10ab044739432"},
]

[package.dependencies]
vine = ">=5.0.0,<6.0.0"

[[package]]
name = "async-timeout"
version = "5.0.1"
description = "Timeout context manager for asyncio programs"
optional = false
python-versions = ">=3.8"
files = [
    {file = "async_timeout-5.0.1-py3-none-any.whl", hash = "sha256:39e3809566ff85354557ec2398b55e096c8364bacac9405a7a1fa429e77fe76c"},
    {file = "async_timeout-5.0.1.tar.gz", hash = "sha256:d9321a7a3d5a6a5e187e824d2fa0793ce379a202935782d555d6e9d2735677d3"},
]

[[package]]
name = "billiard"
version = "4.2.1"
description = "Python multiprocessing fork with improvements and bugfixes"
optional = false
python-versions = ">=3.7"
files = [
    {file = "billiard-4.2.1-py3-none-any.whl", hash = "sha256:40b59a4ac8806ba2c2369ea98d876bc6108b051c227baffd928c644d15d8f3cb"},
    {file = "billiard-4.2.1.tar.gz", hash = "sha256:12b641b0c539073fc8d3f5b8b7be998956665c4233c7c1fcd66a7e677c4fb36f"},
]

[[package]]
name = "celery"
version = "5.4.0"
description = "Distributed Task Queue."
optional = false
python-versions = ">=3.8"
files = [
    {file = "celery-5.4.0-py3-none-any.whl", hash = "sha256:369631eb580cf8c51a82721ec538684994f8277637edde2dfc0dacd73ed97f64"},
    {file = "celery-5.4.0.tar.gz", hash = "sha256:504a19140e8d3029d5acad88330c541d4c3f64c789d85f94756762d8bca7e706"},
]

[package.dependencies]
billiard = ">=4.2.0,<5.0"
click = ">=8.1.2,<9.0"
click-didyoumean = ">=0.3.0"
click-plugins = ">=1.1.1"
click-repl = ">=0.2.0"
kombu = ">=5.3.4,<6.0"
python-dateutil = ">=2.8.2"
redis = {version = ">=4.5.2,<4.5.5 || >4.5.5,<6.0.0", optional = true, markers = "extra == \"redis\""}
tzdata = ">=2022.7"
vine = ">=5.1.0,<6.0"

[package.extras]
arangodb = ["pyArango (>=2.0.2)"]
auth = ["cryptography (==42.0.5)"]
azureblockblob = ["azure-storage-blob (>=12.15.0)"]
brotli = ["brotli (>=1.0.0)", "brotlipy (>=0.7.0)"]
cassandra = ["cassandra-driver (>=3.25.0,<4)"]
consul = ["python-consul2 (==0.1.5)"]
cosmosdbsql = ["pydocumentdb (==2.3.5)"]
couchbase = ["couchbase (>=3.0.0)"]
couchdb = ["pycouchdb (==1.14.2)"]
django = ["Django (>=2.2.28)"]
dynamodb = ["boto3 (>=1.26.143)"]
elasticsearch = ["elastic-transport (<=8.13.0)", "elasticsearch (<=8.13.0)"]
eventlet = ["eventlet (>=0.32.0)"]
gcs = ["google-cloud-storage (>=2.10.0)"]
gevent = ["gevent (>=1.5.0)"]
librabbitmq = ["librabbitmq (>=2.0.0)"]
memcache = ["pylibmc (==1.6.3)"]
mongodb = ["pymongo[srv] (>=4.0.2)"]
msgpack = ["msgpack (==1.0.8)"]
pymemcache = ["python-memcached (>=1.61)"]
pyro = ["pyro4 (==4.82)"]
pytest = ["pytest-celery[all] (>=1.0.0)"]
redis = ["redis (>=4.5.2,!=4.5.5,<6.0.0)"]
s3 = ["boto3 (>=1.26.143)"]
slmq = ["softlayer-messaging (>=1.0.3)"]
solar = ["ephem (==4.1.5)"]
sqlalchemy = ["sqlalchemy (>=1.4.48,<2.1)"]
sqs = ["boto3 (>=1.26.143)", "kombu[sqs] (>=5.3.4)", "pycurl (>=7.43.0.5)", "urllib3 (>=1.26.16)"]
tblib = ["tblib (>=1.3.0)", "tblib (>=1.5.0)"]
yaml = ["PyYAML (>=3.10)"]
zookeeper = ["kazoo (>=1.3.1)"]
zstd = ["zstandard (==0.22.0)"]

[[package]]
name = "click"
version = "8.1.7"
description = "Composable command line interface toolkit"
optional = false
python-versions = ">=3.7"
files = [
    {file = "click-8.1.7-py3-none-any.whl", hash = "sha256:ae74fb96c20a0277a1d615f1e4d73c8414f5a98db8b799a7931d1582f3390c28"},
    {file = "click-8.1.7.tar.gz", hash = "sha256:ca9853ad459e787e2192211578cc907e7594e294c7ccc834310722b41b9ca6de"},
]

[package.dependencies]
colorama = {version = "*", markers = "platform_system == \"Windows\""}

[[package]]
name = "click-didyoumean"
version = "0.3.1"
description = "Enables git-like *did-you-mean* feature in click"
optional = false
python-versions = ">=3.6.2"
files = [
    {file = "click_didyoumean-0.3.1-py3-none-any.whl", hash = "sha256:5c4bb6007cfea5f2fd6583a2fb6701a22a41eb98957e63d0fac41c10e7c3117c"},
    {file = "click_didyoumean-0.3.1.tar.gz", hash = "sha256:4f82fdff0dbe64ef8ab2279bd6aa3f6a99c3b28c05aa09cbfc07c9d7fbb5a463"},
]

[package.dependencies]
click = ">=7"

[[package]]
name = "click-plugins"
version = "1.1.1"
description = "An extension module for click to enable registering CLI commands via setuptools entry-points."
optional = false
python-versions = "*"
files = [
    {file = "click-plugins-1.1.1.tar.gz", hash = "sha256:46ab999744a9d831159c3411bb0c79346d94a444df9a3a3742e9ed63645f264b"},
    {file = "click_plugins-1.1.1-py2.py3-none-any.whl", hash = "sha256:5d262006d3222f5057fd81e1623d4443e41dcda5dc815c06b442aa3c02889fc8"},
]

[package.dependencies]
click = ">=4.0"

[package.extras]
dev = ["coveralls", "pytest (>=3.6)", "pytest-cov", "wheel"]

[[package]]
name = "click-repl"
version = "0.3.0"
description = "REPL plugin for Click"
optional = false
python-versions = ">=3.6"
files = [
    {file = "click-repl-0.3.0.tar.gz", hash = "sha256:17849c23dba3d667247dc4defe1757fff98694e90fe37474f3feebb69ced26a9"},
    {file = "click_repl-0.3.0-py3-none-any.whl", hash = "sha256:fb7e06deb8da8de86180a33a9da97ac316751c094c6899382da7feeeeb51b812"},
]

[package.dependencies]
click = ">=7.0"
prompt-toolkit = ">=3.0.36"

[package.extras]
testing = ["pytest (>=7.2.1)", "pytest-cov (>=4.0.0)", "tox (>=4.4.3)"]

[[package]]
name = "colorama"
version = "0.4.6"
description = "Cross-platform colored terminal text."
optional = false
python-versions = "!=3.0.*,!=3.1.*,!=3.2.*,!=3.3.*,!=3.4.*,!=3.5.*,!=3.6.*,>=2.7"
files = [
    {file = "colorama-0.4.6-py2.py3-none-any.whl", hash = "sha256:4f1d9991f5acc0ca119f9d443620b77f9d6b33703e51011c16baf57afb285fc6"},
    {file = "colorama-0.4.6.tar.gz", hash = "sha256:08695f5cb7ed6e0531a20572697297273c47b8cae5a63ffc6d6ed5c201be6e44"},
]

[[package]]
name = "debugpy"
version = "1.8.11"
description = "An implementation of the Debug Adapter Protocol for Python"
optional = false
python-versions = ">=3.8"
files = [
    {file = "debugpy-1.8.11-cp310-cp310-macosx_14_0_x86_64.whl", hash = "sha256:2b26fefc4e31ff85593d68b9022e35e8925714a10ab4858fb1b577a8a48cb8cd"},
    {file = "debugpy-1.8.11-cp310-cp310-manylinux_2_5_x86_64.manylinux1_x86_64.manylinux_2_17_x86_64.manylinux2014_x86_64.whl", hash = "sha256:61bc8b3b265e6949855300e84dc93d02d7a3a637f2aec6d382afd4ceb9120c9f"},
    {file = "debugpy-1.8.11-cp310-cp310-win32.whl", hash = "sha256:c928bbf47f65288574b78518449edaa46c82572d340e2750889bbf8cd92f3737"},
    {file = "debugpy-1.8.11-cp310-cp310-win_amd64.whl", hash = "sha256:8da1db4ca4f22583e834dcabdc7832e56fe16275253ee53ba66627b86e304da1"},
    {file = "debugpy-1.8.11-cp311-cp311-macosx_14_0_universal2.whl", hash = "sha256:85de8474ad53ad546ff1c7c7c89230db215b9b8a02754d41cb5a76f70d0be296"},
    {file = "debugpy-1.8.11-cp311-cp311-manylinux_2_5_x86_64.manylinux1_x86_64.manylinux_2_17_x86_64.manylinux2014_x86_64.whl", hash = "sha256:8ffc382e4afa4aee367bf413f55ed17bd91b191dcaf979890af239dda435f2a1"},
    {file = "debugpy-1.8.11-cp311-cp311-win32.whl", hash = "sha256:40499a9979c55f72f4eb2fc38695419546b62594f8af194b879d2a18439c97a9"},
    {file = "debugpy-1.8.11-cp311-cp311-win_amd64.whl", hash = "sha256:987bce16e86efa86f747d5151c54e91b3c1e36acc03ce1ddb50f9d09d16ded0e"},
    {file = "debugpy-1.8.11-cp312-cp312-macosx_14_0_universal2.whl", hash = "sha256:84e511a7545d11683d32cdb8f809ef63fc17ea2a00455cc62d0a4dbb4ed1c308"},
    {file = "debugpy-1.8.11-cp312-cp312-manylinux_2_5_x86_64.manylinux1_x86_64.manylinux_2_17_x86_64.manylinux2014_x86_64.whl", hash = "sha256:ce291a5aca4985d82875d6779f61375e959208cdf09fcec40001e65fb0a54768"},
    {file = "debugpy-1.8.11-cp312-cp312-win32.whl", hash = "sha256:28e45b3f827d3bf2592f3cf7ae63282e859f3259db44ed2b129093ca0ac7940b"},
    {file = "debugpy-1.8.11-cp312-cp312-win_amd64.whl", hash = "sha256:44b1b8e6253bceada11f714acf4309ffb98bfa9ac55e4fce14f9e5d4484287a1"},
    {file = "debugpy-1.8.11-cp313-cp313-macosx_14_0_universal2.whl", hash = "sha256:8988f7163e4381b0da7696f37eec7aca19deb02e500245df68a7159739bbd0d3"},
    {file = "debugpy-1.8.11-cp313-cp313-manylinux_2_5_x86_64.manylinux1_x86_64.manylinux_2_17_x86_64.manylinux2014_x86_64.whl", hash = "sha256:6c1f6a173d1140e557347419767d2b14ac1c9cd847e0b4c5444c7f3144697e4e"},
    {file = "debugpy-1.8.11-cp313-cp313-win32.whl", hash = "sha256:bb3b15e25891f38da3ca0740271e63ab9db61f41d4d8541745cfc1824252cb28"},
    {file = "debugpy-1.8.11-cp313-cp313-win_amd64.whl", hash = "sha256:d8768edcbeb34da9e11bcb8b5c2e0958d25218df7a6e56adf415ef262cd7b6d1"},
    {file = "debugpy-1.8.11-cp38-cp38-macosx_14_0_x86_64.whl", hash = "sha256:ad7efe588c8f5cf940f40c3de0cd683cc5b76819446abaa50dc0829a30c094db"},
    {file = "debugpy-1.8.11-cp38-cp38-manylinux_2_5_x86_64.manylinux1_x86_64.manylinux_2_17_x86_64.manylinux2014_x86_64.whl", hash = "sha256:189058d03a40103a57144752652b3ab08ff02b7595d0ce1f651b9acc3a3a35a0"},
    {file = "debugpy-1.8.11-cp38-cp38-win32.whl", hash = "sha256:32db46ba45849daed7ccf3f2e26f7a386867b077f39b2a974bb5c4c2c3b0a280"},
    {file = "debugpy-1.8.11-cp38-cp38-win_amd64.whl", hash = "sha256:116bf8342062246ca749013df4f6ea106f23bc159305843491f64672a55af2e5"},
    {file = "debugpy-1.8.11-cp39-cp39-macosx_14_0_x86_64.whl", hash = "sha256:654130ca6ad5de73d978057eaf9e582244ff72d4574b3e106fb8d3d2a0d32458"},
    {file = "debugpy-1.8.11-cp39-cp39-manylinux_2_5_x86_64.manylinux1_x86_64.manylinux_2_17_x86_64.manylinux2014_x86_64.whl", hash = "sha256:23dc34c5e03b0212fa3c49a874df2b8b1b8fda95160bd79c01eb3ab51ea8d851"},
    {file = "debugpy-1.8.11-cp39-cp39-win32.whl", hash = "sha256:52d8a3166c9f2815bfae05f386114b0b2d274456980d41f320299a8d9a5615a7"},
    {file = "debugpy-1.8.11-cp39-cp39-win_amd64.whl", hash = "sha256:52c3cf9ecda273a19cc092961ee34eb9ba8687d67ba34cc7b79a521c1c64c4c0"},
    {file = "debugpy-1.8.11-py2.py3-none-any.whl", hash = "sha256:0e22f846f4211383e6a416d04b4c13ed174d24cc5d43f5fd52e7821d0ebc8920"},
    {file = "debugpy-1.8.11.tar.gz", hash = "sha256:6ad2688b69235c43b020e04fecccdf6a96c8943ca9c2fb340b8adc103c655e57"},
]

[[package]]
name = "kombu"
version = "5.4.2"
description = "Messaging library for Python."
optional = false
python-versions = ">=3.8"
files = [
    {file = "kombu-5.4.2-py3-none-any.whl", hash = "sha256:14212f5ccf022fc0a70453bb025a1dcc32782a588c49ea866884047d66e14763"},
    {file = "kombu-5.4.2.tar.gz", hash = "sha256:eef572dd2fd9fc614b37580e3caeafdd5af46c1eff31e7fba89138cdb406f2cf"},
]

[package.dependencies]
amqp = ">=5.1.1,<6.0.0"
tzdata = {version = "*", markers = "python_version >= \"3.9\""}
vine = "5.1.0"

[package.extras]
azureservicebus = ["azure-servicebus (>=7.10.0)"]
azurestoragequeues = ["azure-identity (>=1.12.0)", "azure-storage-queue (>=12.6.0)"]
confluentkafka = ["confluent-kafka (>=2.2.0)"]
consul = ["python-consul2 (==0.1.5)"]
librabbitmq = ["librabbitmq (>=2.0.0)"]
mongodb = ["pymongo (>=4.1.1)"]
msgpack = ["msgpack (==1.1.0)"]
pyro = ["pyro4 (==4.82)"]
qpid = ["qpid-python (>=0.26)", "qpid-tools (>=0.26)"]
redis = ["redis (>=4.5.2,!=4.5.5,!=5.0.2)"]
slmq = ["softlayer-messaging (>=1.0.3)"]
sqlalchemy = ["sqlalchemy (>=1.4.48,<2.1)"]
sqs = ["boto3 (>=1.26.143)", "pycurl (>=7.43.0.5)", "urllib3 (>=1.26.16)"]
yaml = ["PyYAML (>=3.10)"]
zookeeper = ["kazoo (>=2.8.0)"]

[[package]]
name = "openrelik-worker-common"
version = "2024.11.27"
description = "Common utilities for OpenRelik workers"
optional = false
python-versions = "<4.0,>=3.10"
files = [
    {file = "openrelik_worker_common-2024.11.27-py3-none-any.whl", hash = "sha256:ec8c7b4d8ee40006ebf2ac2f94c38b87a552a930e24128414f8349dceaa19452"},
    {file = "openrelik_worker_common-2024.11.27.tar.gz", hash = "sha256:e3ea5a89793999d768ee08a4622a483669545afdcd8a144c46270680c0af4d91"},
]

[package.dependencies]
debugpy = ">=1.8.6,<2.0.0"

[[package]]
name = "pefile"
version = "2024.8.26"
description = "Python PE parsing module"
optional = false
python-versions = ">=3.6.0"
files = [
    {file = "pefile-2024.8.26-py3-none-any.whl", hash = "sha256:76f8b485dcd3b1bb8166f1128d395fa3d87af26360c2358fb75b80019b957c6f"},
    {file = "pefile-2024.8.26.tar.gz", hash = "sha256:3ff6c5d8b43e8c37bb6e6dd5085658d658a7a0bdcd20b6a07b1fcfc1c4e9d632"},
]

[[package]]
name = "prompt-toolkit"
version = "3.0.48"
description = "Library for building powerful interactive command lines in Python"
optional = false
python-versions = ">=3.7.0"
files = [
    {file = "prompt_toolkit-3.0.48-py3-none-any.whl", hash = "sha256:f49a827f90062e411f1ce1f854f2aedb3c23353244f8108b89283587397ac10e"},
    {file = "prompt_toolkit-3.0.48.tar.gz", hash = "sha256:d6623ab0477a80df74e646bdbc93621143f5caf104206aa29294d53de1a03d90"},
]

[package.dependencies]
wcwidth = "*"

[[package]]
name = "python-dateutil"
version = "2.9.0.post0"
description = "Extensions to the standard Python datetime module"
optional = false
python-versions = "!=3.0.*,!=3.1.*,!=3.2.*,>=2.7"
files = [
    {file = "python-dateutil-2.9.0.post0.tar.gz", hash = "sha256:37dd54208da7e1cd875388217d5e00ebd4179249f90fb72437e91a35459a0ad3"},
    {file = "python_dateutil-2.9.0.post0-py2.py3-none-any.whl", hash = "sha256:a8b2bc7bffae282281c8140a97d3aa9c14da0b136dfe83f850eea9a5f7470427"},
]

[package.dependencies]
six = ">=1.5"

[[package]]
name = "redis"
version = "5.2.1"
description = "Python client for Redis database and key-value store"
optional = false
python-versions = ">=3.8"
files = [
    {file = "redis-5.2.1-py3-none-any.whl", hash = "sha256:ee7e1056b9aea0f04c6c2ed59452947f34c4940ee025f5dd83e6a6418b6989e4"},
    {file = "redis-5.2.1.tar.gz", hash = "sha256:16f2e22dff21d5125e8481515e386711a34cbec50f0e44413dd7d9c060a54e0f"},
]

[package.dependencies]
async-timeout = {version = ">=4.0.3", markers = "python_full_version < \"3.11.3\""}

[package.extras]
hiredis = ["hiredis (>=3.0.0)"]
ocsp = ["cryptography (>=36.0.1)", "pyopenssl (==23.2.1)", "requests (>=2.31.0)"]

[[package]]
name = "six"
version = "1.17.0"
description = "Python 2 and 3 compatibility utilities"
optional = false
python-versions = "!=3.0.*,!=3.1.*,!=3.2.*,>=2.7"
files = [
    {file = "six-1.17.0-py2.py3-none-any.whl", hash = "sha256:4721f391ed90541fddacab5acf947aa0d3dc7d27b2e1e8eda2be8970586c3274"},
    {file = "six-1.17.0.tar.gz", hash = "sha256:ff70335d468e7eb6ec65b95b99d3a2836546063f63acc5171de367e834932a81"},
]

[[package]]
name = "tzdata"
version = "2024.2"
description = "Provider of IANA time zone data"
optional = false
python-versions = ">=2"
files = [
    {file = "tzdata-2024.2-py2.py3-none-any.whl", hash = "sha256:a48093786cdcde33cad18c2555e8532f34422074448fbc874186f0abd79565cd"},
    {file = "tzdata-2024.2.tar.gz", hash = "sha256:7d85cc416e9382e69095b7bdf4afd9e3880418a2413feec7069d533d6b4e31cc"},
]

[[package]]
name = "vine"
version = "5.1.0"
description = "Python promises."
optional = false
python-versions = ">=3.6"
files = [
    {file = "vine-5.1.0-py3-none-any.whl", hash = "sha256:40fdf3c48b2cfe1c38a49e9ae2da6fda88e4794c810050a728bd7413811fb1dc"},
    {file = "vine-5.1.0.tar.gz", hash = "sha256:8b62e981d35c41049211cf62a0a1242d8c1ee9bd15bb196ce38aefd6799e61e0"},
]

[[package]]
name = "volatility3"
version = "2.8.0"
description = "Memory forensics framework"
optional = false
python-versions = ">=3.7.3"
files = [
    {file = "volatility3-2.8.0-py3-none-any.whl", hash = "sha256:31870734ea12a8deaffd5f14c0cccc5b3722d9add6ece388540819cfe67f0a9c"},
    {file = "volatility3-2.8.0.tar.gz", hash = "sha256:25a8997dad06970544da53f5cc8404e6a951b8d55be183615200a59e7b6a105c"},
]

[package.dependencies]
pefile = ">=2023.2.7"

[package.extras]
dev = ["jsonschema (>=2.3.0)", "pyinstaller (>=6.5.0)", "pyinstaller-hooks-contrib (>=2024.3)"]
full = ["capstone (>=3.0.5)", "gcsfs (>=2023.1.0)", "leechcorepyc (>=2.4.0)", "pycryptodome", "s3fs (>=2023.1.0)", "yara-python (>=3.8.0)"]

[[package]]
name = "wcwidth"
version = "0.2.13"
description = "Measures the displayed width of unicode strings in a terminal"
optional = false
python-versions = "*"
files = [
    {file = "wcwidth-0.2.13-py2.py3-none-any.whl", hash = "sha256:3da69048e4540d84af32131829ff948f1e022c1c6bdb8d6102117aac784f6859"},
    {file = "wcwidth-0.2.13.tar.gz", hash = "sha256:72ea0c06399eb286d978fdedb6923a9eb47e1c486ce63e9b4e64fc18303972b5"},
]

[[package]]
name = "yara-python"
version = "4.5.1"
description = "Python interface for YARA"
optional = false
python-versions = "*"
files = [
    {file = "yara_python-4.5.1-cp310-cp310-macosx_10_9_universal2.whl", hash = "sha256:7c92219bf91caea277bc2736df70dda3709834c297a4a5906f1d9a46cd03579a"},
    {file = "yara_python-4.5.1-cp310-cp310-macosx_10_9_x86_64.whl", hash = "sha256:6e8e9eb5a49a70a013bf45e0ec97210b7cb124813271fddc666c3cfb1308a2d5"},
    {file = "yara_python-4.5.1-cp310-cp310-manylinux_2_17_aarch64.manylinux2014_aarch64.whl", hash = "sha256:ffb48e853f107f2e6e0e29a97ce1185e9cc7a15a6c860dc65eb8ec431d1b6d3e"},
    {file = "yara_python-4.5.1-cp310-cp310-manylinux_2_17_i686.manylinux2014_i686.whl", hash = "sha256:2c6a4e181de457a5de74982b82ab01c89a06bcd66820ca1671f22e984be1be78"},
    {file = "yara_python-4.5.1-cp310-cp310-manylinux_2_17_x86_64.manylinux2014_x86_64.whl", hash = "sha256:155ef1a9ca2aeeb57441fa99b6d8bd2cb67787f0d62b3c1670512e36c97ec02f"},
    {file = "yara_python-4.5.1-cp310-cp310-musllinux_1_1_aarch64.whl", hash = "sha256:264fdc2953c635131112a2cef6208b52d35731a6cc902cc62fe82508d9051afd"},
    {file = "yara_python-4.5.1-cp310-cp310-musllinux_1_1_i686.whl", hash = "sha256:a1a3e6b610e7131353cfea80ba119db3e96f7ad7befcd9d5a51df8786c806403"},
    {file = "yara_python-4.5.1-cp310-cp310-musllinux_1_1_x86_64.whl", hash = "sha256:aec3dda6b173c4be4d972058ee41fb019c866b82861f12a1ac2b01035cea34b9"},
    {file = "yara_python-4.5.1-cp310-cp310-win32.whl", hash = "sha256:8c3935da45ce283e02a86c9120240524e352add64c5cbccd616885937801ac67"},
    {file = "yara_python-4.5.1-cp310-cp310-win_amd64.whl", hash = "sha256:59fd46cc8c5a77e5e4942c7e403ac738f5c64154dcbc67bd8c9af453d7bb2539"},
    {file = "yara_python-4.5.1-cp311-cp311-macosx_10_9_universal2.whl", hash = "sha256:3044359876921e26370f7b646d84a65681811df577be7d4d09c7de21b33d9130"},
    {file = "yara_python-4.5.1-cp311-cp311-macosx_10_9_x86_64.whl", hash = "sha256:49ad70b6b65ed1c591c3bfb3d5d6da0fc6a73b1f979604feead450f348ad67c4"},
    {file = "yara_python-4.5.1-cp311-cp311-manylinux_2_17_aarch64.manylinux2014_aarch64.whl", hash = "sha256:5a6a185d2ec8fbbffa89d0f7949b84f76860d0e3a74192825dbf53d6a5069b83"},
    {file = "yara_python-4.5.1-cp311-cp311-manylinux_2_17_i686.manylinux2014_i686.whl", hash = "sha256:2560dd27f63cdb395d9d77d6a74d1f0d6b7aa0ea18394f44d650e5abb6e377a3"},
    {file = "yara_python-4.5.1-cp311-cp311-manylinux_2_17_x86_64.manylinux2014_x86_64.whl", hash = "sha256:471e4070bf7e3b9b132f1c0134d1172d9dae353b04f2fce9bc31431ae785595e"},
    {file = "yara_python-4.5.1-cp311-cp311-musllinux_1_1_aarch64.whl", hash = "sha256:f533848781f0e46e44eda77055eae4ec934cf56c1f473e787704f1a348e90094"},
    {file = "yara_python-4.5.1-cp311-cp311-musllinux_1_1_i686.whl", hash = "sha256:3aaf259ed162d2de5db70ae1ba057307efdeb7f4697d74cc5b3313caa7647923"},
    {file = "yara_python-4.5.1-cp311-cp311-musllinux_1_1_x86_64.whl", hash = "sha256:90374acc38086447a668580a9aecceb11964f08deb05bfaced6f43e9e67955a1"},
    {file = "yara_python-4.5.1-cp311-cp311-win32.whl", hash = "sha256:721422a14d18a81d75397df51481f5b5f3ab8d0a5220087e5306570877cab4e4"},
    {file = "yara_python-4.5.1-cp311-cp311-win_amd64.whl", hash = "sha256:dac13dc77a5f21c119104ae4e6ad837589eace0505e9daf38af0bd2d4ccd7cfa"},
    {file = "yara_python-4.5.1-cp312-cp312-macosx_10_9_universal2.whl", hash = "sha256:7eb27c1cd2f6f93f68e23e676ede28357c1fc8b9ec7deefe86f2cfef4abd877c"},
    {file = "yara_python-4.5.1-cp312-cp312-macosx_10_9_x86_64.whl", hash = "sha256:4c7ac7c1ae5e25bd5bf67ce752ac82568c2cdc157c9af50ba28d7cbab4421175"},
    {file = "yara_python-4.5.1-cp312-cp312-manylinux_2_17_aarch64.manylinux2014_aarch64.whl", hash = "sha256:77011bed905f3786755da7de7ba9082790db654a241e13746fa3fc325b9ad966"},
    {file = "yara_python-4.5.1-cp312-cp312-manylinux_2_17_i686.manylinux2014_i686.whl", hash = "sha256:0ddedd9bfcfc37ffddceefd9dbf9bbba137c979b3effc9c1e9aeb08d77c6858c"},
    {file = "yara_python-4.5.1-cp312-cp312-manylinux_2_17_x86_64.manylinux2014_x86_64.whl", hash = "sha256:3431154fac7f41b4657edad91632717b5f1bab5be4ed6ce28d6e17e441d5c947"},
    {file = "yara_python-4.5.1-cp312-cp312-musllinux_1_1_aarch64.whl", hash = "sha256:7d5dc091235ded00b30f04a51d70e08352e44976122f8d45e63d25e96eae27d9"},
    {file = "yara_python-4.5.1-cp312-cp312-musllinux_1_1_i686.whl", hash = "sha256:97d30a483d195e6b695f072086cf1234317a650727844bac7bf85cf98dd960a3"},
    {file = "yara_python-4.5.1-cp312-cp312-musllinux_1_1_x86_64.whl", hash = "sha256:bb65c17657b4cdbe5adee7a6e617ee05e214e8afdbc82b195885354a72a16476"},
    {file = "yara_python-4.5.1-cp312-cp312-win32.whl", hash = "sha256:4f368d057e0865278444c948a65802f7c92008a1b59bf629bdc9efa1b0120a22"},
    {file = "yara_python-4.5.1-cp312-cp312-win_amd64.whl", hash = "sha256:6ccd73466d7ad1a50cd06f38fdb7a023fee87dd185d3fcf67cc5c55d82cc34dd"},
    {file = "yara_python-4.5.1-cp37-cp37m-macosx_10_9_x86_64.whl", hash = "sha256:37ff0e6256d75521e5ac52b45671647bd6f6a7aa49259b13c19db424d9fdb795"},
    {file = "yara_python-4.5.1-cp37-cp37m-manylinux_2_17_aarch64.manylinux2014_aarch64.whl", hash = "sha256:c17d1555dbd99f4872ca289ee92b9630331def0df864f88ced1665efa3cabdac"},
    {file = "yara_python-4.5.1-cp37-cp37m-manylinux_2_17_i686.manylinux2014_i686.whl", hash = "sha256:cfae9eac6a65d25799aecd21cb43f3552a86552c57e90e85e03a1e95e100fb35"},
    {file = "yara_python-4.5.1-cp37-cp37m-manylinux_2_17_x86_64.manylinux2014_x86_64.whl", hash = "sha256:b8c8cfbdc33cbcf78afd6e11149e406dfe558bbd497ff0c9b001753545a326e7"},
    {file = "yara_python-4.5.1-cp37-cp37m-musllinux_1_1_aarch64.whl", hash = "sha256:bb767f5c9c67d0b5de4d916c92130303d02d07d5a96a160aa5d7aa6c45883b1f"},
    {file = "yara_python-4.5.1-cp37-cp37m-musllinux_1_1_i686.whl", hash = "sha256:e14d43aba8a8d66268cd45ce534bb7b608ca08d97d4ffb9f0205ef5554e317fb"},
    {file = "yara_python-4.5.1-cp37-cp37m-musllinux_1_1_x86_64.whl", hash = "sha256:4c2d81727e24c224b0003770f2548f2eb75d9a95d5aa03b65d5ccf8ab3112d8d"},
    {file = "yara_python-4.5.1-cp37-cp37m-win32.whl", hash = "sha256:da5848e64fdde37529e6ebd8e5778e4665a7dee8cdff2f347ec47a39b453f298"},
    {file = "yara_python-4.5.1-cp37-cp37m-win_amd64.whl", hash = "sha256:0fc8a450b662a0235ab7cee59ad2e366207c97bb99a80db9ffb68f865abd4ac9"},
    {file = "yara_python-4.5.1-cp38-cp38-macosx_10_9_universal2.whl", hash = "sha256:0324175b06c440eb754b7ff3845b6eb426b5870bbbebbeae32f2e5281fd35860"},
    {file = "yara_python-4.5.1-cp38-cp38-macosx_10_9_x86_64.whl", hash = "sha256:f408668aab84a0f42b78784d948a69a99bf95300536edd4ab771bb4a06d92f50"},
    {file = "yara_python-4.5.1-cp38-cp38-manylinux_2_17_aarch64.manylinux2014_aarch64.whl", hash = "sha256:a885ec2800b3ee8c4ba9e6634005e041afad33998d59fa6c76bea60c1bd9c73b"},
    {file = "yara_python-4.5.1-cp38-cp38-manylinux_2_17_i686.manylinux2014_i686.whl", hash = "sha256:153d459a2382a28d08edb84a74f27d8ef2cc8154f7822dadf744c5797e8e6f25"},
    {file = "yara_python-4.5.1-cp38-cp38-manylinux_2_17_x86_64.manylinux2014_x86_64.whl", hash = "sha256:509ca2000c9f76c3304f9fdbb886b1d403231a6a76ec9b4aeb18c67ee8279917"},
    {file = "yara_python-4.5.1-cp38-cp38-musllinux_1_1_aarch64.whl", hash = "sha256:b03d2ffe24a13d69d14b12517aac7a4ea5f0df41ac725f282ebdc729f4365a3d"},
    {file = "yara_python-4.5.1-cp38-cp38-musllinux_1_1_i686.whl", hash = "sha256:8e90cc9bee1340dec0e9dab95e056dec08e6ac67945ad20f537d65457845f2f1"},
    {file = "yara_python-4.5.1-cp38-cp38-musllinux_1_1_x86_64.whl", hash = "sha256:37f6e85ee2fe458b52d4984bc2327cd33d69a10579dd708e29d6fbd371aceafe"},
    {file = "yara_python-4.5.1-cp38-cp38-win32.whl", hash = "sha256:90aa56a3e27fdc5751550fe136a8d815c55a1a1db025b28d1f7d146493751310"},
    {file = "yara_python-4.5.1-cp38-cp38-win_amd64.whl", hash = "sha256:4cc7d5220a488fa0470f7c7ea303d1174e3b7e88dc6eef539ab048c8590257a8"},
    {file = "yara_python-4.5.1-cp39-cp39-macosx_10_9_universal2.whl", hash = "sha256:6e8566034b9c24a12a8fd8b0ff580b078add7f9e9719e633ad1adcbb33be534a"},
    {file = "yara_python-4.5.1-cp39-cp39-macosx_10_9_x86_64.whl", hash = "sha256:934f08ca197a645977749ca1163262abcec9bdbcb54cd47ffb2452c3edc4c5e4"},
    {file = "yara_python-4.5.1-cp39-cp39-manylinux_2_17_aarch64.manylinux2014_aarch64.whl", hash = "sha256:a41992c45fcad39ad05016eafc3c3632b3a11ede2440ba9c1250c5e5d484687a"},
    {file = "yara_python-4.5.1-cp39-cp39-manylinux_2_17_i686.manylinux2014_i686.whl", hash = "sha256:70eb3f84b6e57f7f52676ae9c11dccde2867f49bac6e9a042ef2d027a8afb9f1"},
    {file = "yara_python-4.5.1-cp39-cp39-manylinux_2_17_x86_64.manylinux2014_x86_64.whl", hash = "sha256:9d21efeb69d83c48419beccda4aeb415c4c993387e6dee64d8eac4b33af8ac58"},
    {file = "yara_python-4.5.1-cp39-cp39-musllinux_1_1_aarch64.whl", hash = "sha256:98b780fe880cb219b9a92957a1f9863e53908a2dd75483976265d256b3b69b84"},
    {file = "yara_python-4.5.1-cp39-cp39-musllinux_1_1_i686.whl", hash = "sha256:04c414472b0e3c4a2998ae247c0215bbb52c7808d09a7ca3899ef86ad1df7a7b"},
    {file = "yara_python-4.5.1-cp39-cp39-musllinux_1_1_x86_64.whl", hash = "sha256:0502328eeb18aa6e50af7e31df91b1dd23db0d47a0744383d90ff5cb38ff8d30"},
    {file = "yara_python-4.5.1-cp39-cp39-win32.whl", hash = "sha256:5c266ce1a9f6f783f565d0687a052e0a76c287495452a92d495809f8f6c32a44"},
    {file = "yara_python-4.5.1-cp39-cp39-win_amd64.whl", hash = "sha256:cc08a46630373bf194dc560e422622d45a3cbefec334650a96777f4c5f31f637"},
    {file = "yara_python-4.5.1-pp310-pypy310_pp73-macosx_10_9_x86_64.whl", hash = "sha256:f23ea9893efd676eb2727e869b486d71e7cb7839789a36c80b726258365b39b6"},
    {file = "yara_python-4.5.1-pp310-pypy310_pp73-manylinux_2_17_aarch64.manylinux2014_aarch64.whl", hash = "sha256:edf490994334b00933f7bc37fdd255451f12db741b15c2917fceb31e11bb698d"},
    {file = "yara_python-4.5.1-pp310-pypy310_pp73-manylinux_2_17_i686.manylinux2014_i686.whl", hash = "sha256:038dcec1728233144ab0ab7ea4ed060f642c5f3152742c9ee71b493f571d6fd5"},
    {file = "yara_python-4.5.1-pp310-pypy310_pp73-manylinux_2_17_x86_64.manylinux2014_x86_64.whl", hash = "sha256:146f2fbdeb043c32a6a7d08a4e37a0bb1c3c0a16d2ad97d957627f6158360569"},
    {file = "yara_python-4.5.1-pp310-pypy310_pp73-win_amd64.whl", hash = "sha256:389aa3a655c94885399e290bd74703273d7a1ecb33593b62801abee91efdfc86"},
    {file = "yara_python-4.5.1-pp37-pypy37_pp73-macosx_10_9_x86_64.whl", hash = "sha256:df67822be9430066f76604421f79b8d1446d749d925376c82c3e7649064899e3"},
    {file = "yara_python-4.5.1-pp37-pypy37_pp73-manylinux_2_17_aarch64.manylinux2014_aarch64.whl", hash = "sha256:ecd0fa98a66e58be6a1d679e8679fc39029a4afa66d5310943d9180b90e57baf"},
    {file = "yara_python-4.5.1-pp37-pypy37_pp73-manylinux_2_17_i686.manylinux2014_i686.whl", hash = "sha256:8a073a26d1b081942fc741da8eeefe59c6fec5bf7f2adb3e80df1d73f57a7ea3"},
    {file = "yara_python-4.5.1-pp37-pypy37_pp73-manylinux_2_17_x86_64.manylinux2014_x86_64.whl", hash = "sha256:92af5596aa4af20d7f81260dc72b989dfd4b7672c5492f13e9b71fe2b24c936f"},
    {file = "yara_python-4.5.1-pp37-pypy37_pp73-win_amd64.whl", hash = "sha256:984f67c08f945acb78d2548aaf5ffa19d27288b48979eb0652dd3a89c7b7747b"},
    {file = "yara_python-4.5.1-pp38-pypy38_pp73-macosx_10_9_x86_64.whl", hash = "sha256:2756fe1121fdd45b29d0d21fea66f762ef50d9e636bae8fd94217f0dc4c32a3a"},
    {file = "yara_python-4.5.1-pp38-pypy38_pp73-manylinux_2_17_aarch64.manylinux2014_aarch64.whl", hash = "sha256:c27dd8bdf1bbd946a82d1717c3dcc2efa449abb04018d186dca6b412ed93eba6"},
    {file = "yara_python-4.5.1-pp38-pypy38_pp73-manylinux_2_17_i686.manylinux2014_i686.whl", hash = "sha256:382fd997999cfd83d7c2087f8b73c55dde8193473ff2a78643b5c69d3a39e084"},
    {file = "yara_python-4.5.1-pp38-pypy38_pp73-manylinux_2_17_x86_64.manylinux2014_x86_64.whl", hash = "sha256:024c477f182c26265fc447051e09099016e3562ac7f2255e05de2a506dd4d6dc"},
    {file = "yara_python-4.5.1-pp38-pypy38_pp73-win_amd64.whl", hash = "sha256:2add91c1f2c7c6bd82affffd864f7e7a96285c80b97906f81584be3b3b448b74"},
    {file = "yara_python-4.5.1-pp39-pypy39_pp73-macosx_10_9_x86_64.whl", hash = "sha256:7ae8411ae68a9f8911781bdc4393fc21ab48372ed3605c64265d08d57394ff5f"},
    {file = "yara_python-4.5.1-pp39-pypy39_pp73-manylinux_2_17_aarch64.manylinux2014_aarch64.whl", hash = "sha256:bc81d88d3fa54f2a019e716f715a18e0c2c7c03816fef926b07b4ab3ba698e69"},
    {file = "yara_python-4.5.1-pp39-pypy39_pp73-manylinux_2_17_i686.manylinux2014_i686.whl", hash = "sha256:8765e387652f9354ca705ea8692e5e24424f7c20aaec857b40c13b18fe7862ad"},
    {file = "yara_python-4.5.1-pp39-pypy39_pp73-manylinux_2_17_x86_64.manylinux2014_x86_64.whl", hash = "sha256:4c1acc3fd1b4634a4b438b6129f3b52a306d40e44c7fd950e7154f147a12e4de"},
    {file = "yara_python-4.5.1-pp39-pypy39_pp73-win_amd64.whl", hash = "sha256:d64e300925d56b3cf7f430b3bf86e133b14aaf578cfe827c08aec8869b8375e9"},
    {file = "yara_python-4.5.1.tar.gz", hash = "sha256:52ab24422b021ae648be3de25090cbf9e6c6caa20488f498860d07f7be397930"},
]

[metadata]
lock-version = "2.0"
python-versions = "^3.10"
content-hash = "1948ba3e9e4c910fb99a93c461e0ee14ace4878a5a2b3b6067b963952a722991"
